<?xml version="1.0" encoding="utf-8"?>
<Project ToolsVersion="4.0" xmlns="http://schemas.microsoft.com/developer/msbuild/2003">
  <ItemGroup>
    <Filter Include="ソース ファイル">
      <UniqueIdentifier>{4FC737F1-C7A5-4376-A066-2A32D752A2FF}</UniqueIdentifier>
      <Extensions>cpp;c;cc;cxx;c++;cppm;ixx;def;odl;idl;hpj;bat;asm;asmx</Extensions>
    </Filter>
    <Filter Include="ヘッダー ファイル">
      <UniqueIdentifier>{93995380-89BD-4b04-88EB-625FBE52EBFB}</UniqueIdentifier>
      <Extensions>h;hh;hpp;hxx;h++;hm;inl;inc;ipp;xsd</Extensions>
    </Filter>
    <Filter Include="リソース ファイル">
      <UniqueIdentifier>{67DA6AB6-F800-4c08-8B7A-83BB121AAD01}</UniqueIdentifier>
      <Extensions>rc;ico;cur;bmp;dlg;rc2;rct;bin;rgs;gif;jpg;jpeg;jpe;resx;tiff;tif;png;wav;mfcribbon-ms</Extensions>
    </Filter>
    <Filter Include="ソース ファイル\FrameRate">
      <UniqueIdentifier>{690ef43a-1719-476c-a047-330cbd0e9f14}</UniqueIdentifier>
    </Filter>
    <Filter Include="ソース ファイル\Input">
      <UniqueIdentifier>{834c68be-3500-48f5-a55c-7bf893f5622a}</UniqueIdentifier>
    </Filter>
    <Filter Include="ソース ファイル\Sound">
      <UniqueIdentifier>{cf30f062-68ca-4d08-8265-2299152ec984}</UniqueIdentifier>
    </Filter>
    <Filter Include="ソース ファイル\TimeLimit">
      <UniqueIdentifier>{8dc9f161-39be-4625-96a3-ebdfeaf658c6}</UniqueIdentifier>
    </Filter>
    <Filter Include="ソース ファイル\Scene">
      <UniqueIdentifier>{110a4167-6d17-4141-b26e-43ef5ffed9f0}</UniqueIdentifier>
    </Filter>
    <Filter Include="ソース ファイル\Clear">
      <UniqueIdentifier>{a1c43750-4723-4cc7-9a54-f38d3ce50ccf}</UniqueIdentifier>
    </Filter>
    <Filter Include="ソース ファイル\GameOver">
      <UniqueIdentifier>{731443ba-11ea-4919-b1a1-be98e8419590}</UniqueIdentifier>
    </Filter>
    <Filter Include="ソース ファイル\Title">
      <UniqueIdentifier>{94c653c8-e25d-4097-b4bb-b6836bdee2ce}</UniqueIdentifier>
    </Filter>
    <Filter Include="ソース ファイル\Scene\play">
      <UniqueIdentifier>{5fd49cd1-4492-4a3d-a9b2-43dbf870d415}</UniqueIdentifier>
    </Filter>
    <Filter Include="ソース ファイル\Mole">
      <UniqueIdentifier>{7c8b0d9d-51be-478c-ad1e-3dd490181aa4}</UniqueIdentifier>
    </Filter>
  </ItemGroup>
  <ItemGroup>
    <ClCompile Include="src\main.cpp">
      <Filter>ソース ファイル</Filter>
    </ClCompile>
    <ClCompile Include="src\FrameRate\FrameRate.cpp">
      <Filter>ソース ファイル\FrameRate</Filter>
    </ClCompile>
    <ClCompile Include="src\Input\Input.cpp">
      <Filter>ソース ファイル\Input</Filter>
    </ClCompile>
    <ClCompile Include="src\TimeLimit\TimeLimit.cpp">
      <Filter>ソース ファイル\TimeLimit</Filter>
    </ClCompile>
    <ClCompile Include="src\Sound\Sound.cpp">
      <Filter>ソース ファイル\Sound</Filter>
    </ClCompile>
    <ClCompile Include="src\Scene\SceneClear.cpp">
      <Filter>ソース ファイル\Clear</Filter>
    </ClCompile>
    <ClCompile Include="src\Scene\SceneGameOver.cpp">
      <Filter>ソース ファイル\GameOver</Filter>
    </ClCompile>
    <ClCompile Include="src\Scene\SceneTitle.cpp">
      <Filter>ソース ファイル\Title</Filter>
    </ClCompile>
    <ClCompile Include="src\Scene\ScenePlay.cpp">
      <Filter>ソース ファイル\Scene\play</Filter>
    </ClCompile>
    <ClCompile Include="src\Mole\Mole.cpp">
      <Filter>ソース ファイル\Mole</Filter>
    </ClCompile>
  </ItemGroup>
  <ItemGroup>
    <ClInclude Include="src\FrameRate\FrameRate.h">
      <Filter>ソース ファイル\FrameRate</Filter>
    </ClInclude>
    <ClInclude Include="src\Input\Input.h">
      <Filter>ソース ファイル\Input</Filter>
    </ClInclude>
    <ClInclude Include="src\TimeLimit\TimeLimit.h">
      <Filter>ソース ファイル\TimeLimit</Filter>
    </ClInclude>
    <ClInclude Include="src\Sound\Sound.h">
      <Filter>ソース ファイル\Sound</Filter>
    </ClInclude>
    <ClInclude Include="src\Scene\Scene.h">
      <Filter>ソース ファイル\Scene</Filter>
    </ClInclude>
    <ClInclude Include="src\Scene\SceneClear.h">
      <Filter>ソース ファイル\Clear</Filter>
    </ClInclude>
    <ClInclude Include="src\Scene\SceneGameOver.h">
      <Filter>ソース ファイル\GameOver</Filter>
    </ClInclude>
    <ClInclude Include="src\Scene\SceneTitle.h">
      <Filter>ソース ファイル\Title</Filter>
    </ClInclude>
    <ClInclude Include="src\Scene\ScenePlay.h">
      <Filter>ソース ファイル\Scene\play</Filter>
    </ClInclude>
    <ClInclude Include="src\Mole\Mole.h">
      <Filter>ソース ファイル\Mole</Filter>
    </ClInclude>
  </ItemGroup>
</Project>